
Microsoft Visual Studio Solution File, Format Version 12.00
# Visual Studio Version 17
VisualStudioVersion = 17.0.32014.148
MinimumVisualStudioVersion = 10.0.40219.1
Project("{FAE04EC0-301F-11D3-BF4B-00C04F79EFBC}") = "Composition", "Composition.csproj", "{31FD29C2-4183-4C7D-A695-4F1CE43AE220}"
EndProject
Global
	GlobalSection(SolutionConfigurationPlatforms) = preSolution
		Debug|Any CPU = Debug|Any CPU
		Release|Any CPU = Release|Any CPU
	EndGlobalSection
	GlobalSection(ProjectConfigurationPlatforms) = postSolution
		{31FD29C2-4183-4C7D-A695-4F1CE43AE220}.Debug|Any CPU.ActiveCfg = Debug|Any CPU
		{31FD29C2-4183-4C7D-A695-4F1CE43AE220}.Debug|Any CPU.Build.0 = Debug|Any CPU
		{31FD29C2-4183-4C7D-A695-4F1CE43AE220}.Release|Any CPU.ActiveCfg = Release|Any CPU
		{31FD29C2-4183-4C7D-A695-4F1CE43AE220}.Release|Any CPU.Build.0 = Release|Any CPU
	EndGlobalSection
	GlobalSection(SolutionProperties) = preSolution
		HideSolutionNode = FALSE
	EndGlobalSection
	GlobalSection(ExtensibilityGlobals) = postSolution
		SolutionGuid = {E452BD35-C731-4E96-A4C0-C5DBF3FC0978}
	EndGlobalSection
EndGlobal
